
Microsoft Visual Studio Solution File, Format Version 12.00
# Visual Studio Version 17
VisualStudioVersion = 17.2.32602.215
MinimumVisualStudioVersion = 15.0.26124.0
Project("{2150E333-8FDC-42A3-9474-1A3956D46DE8}") = "src", "src", "{0DF20AD9-0A3F-4B61-BC8A-2D6DED59A7D2}"
EndProject
Project("{9A19103F-16F7-4668-BE54-9A1E7A4F7556}") = "Prism.Core", "src\Prism.Core\Prism.Core.csproj", "{F1503310-6555-48EA-AAFA-BF069E6E0EB0}"
EndProject
Project("{2150E333-8FDC-42A3-9474-1A3956D46DE8}") = "Wpf", "Wpf", "{0CEBA764-DF92-4A2A-8F0B-EF2C32BC6514}"
EndProject
Project("{9A19103F-16F7-4668-BE54-9A1E7A4F7556}") = "Prism.Wpf", "src\Wpf\Prism.Wpf\Prism.Wpf.csproj", "{8DC0C660-7F42-40C4-8DE0-BA2A078C1202}"
EndProject
Project("{9A19103F-16F7-4668-BE54-9A1E7A4F7556}") = "Prism.DryIoc.Wpf", "src\Wpf\Prism.DryIoc.Wpf\Prism.DryIoc.Wpf.csproj", "{A2976E8C-589A-47C7-B81D-D59CBCED2E0B}"
EndProject
Project("{9A19103F-16F7-4668-BE54-9A1E7A4F7556}") = "Prism.Unity.Wpf", "src\Wpf\Prism.Unity.Wpf\Prism.Unity.Wpf.csproj", "{2F184285-B860-4C68-AAF7-73AF6B2F98D8}"
EndProject
Project("{2150E333-8FDC-42A3-9474-1A3956D46DE8}") = "Containers", "Containers", "{3CD6B945-4E76-4DC7-A68A-972C36ADA718}"
EndProject
Project("{D954291E-2A0B-460D-934E-DC6B0785DB48}") = "Prism.DryIoc.Shared", "src\Containers\Prism.DryIoc.Shared\Prism.DryIoc.Shared.shproj", "{6E7EC81D-DA39-4C4F-A898-0148558C34F4}"
EndProject
Project("{D954291E-2A0B-460D-934E-DC6B0785DB48}") = "Prism.Unity.Shared", "src\Containers\Prism.Unity.Shared\Prism.Unity.Shared.shproj", "{D66336A6-07E5-401A-A710-DAEDD6975D59}"
EndProject
Global
	GlobalSection(SolutionConfigurationPlatforms) = preSolution
		Debug|Any CPU = Debug|Any CPU
		Debug|x64 = Debug|x64
		Debug|x86 = Debug|x86
		Release|Any CPU = Release|Any CPU
		Release|x64 = Release|x64
		Release|x86 = Release|x86
	EndGlobalSection
	GlobalSection(ProjectConfigurationPlatforms) = postSolution
		{F1503310-6555-48EA-AAFA-BF069E6E0EB0}.Debug|Any CPU.ActiveCfg = Debug|Any CPU
		{F1503310-6555-48EA-AAFA-BF069E6E0EB0}.Debug|Any CPU.Build.0 = Debug|Any CPU
		{F1503310-6555-48EA-AAFA-BF069E6E0EB0}.Debug|x64.ActiveCfg = Debug|Any CPU
		{F1503310-6555-48EA-AAFA-BF069E6E0EB0}.Debug|x64.Build.0 = Debug|Any CPU
		{F1503310-6555-48EA-AAFA-BF069E6E0EB0}.Debug|x86.ActiveCfg = Debug|Any CPU
		{F1503310-6555-48EA-AAFA-BF069E6E0EB0}.Debug|x86.Build.0 = Debug|Any CPU
		{F1503310-6555-48EA-AAFA-BF069E6E0EB0}.Release|Any CPU.ActiveCfg = Release|Any CPU
		{F1503310-6555-48EA-AAFA-BF069E6E0EB0}.Release|Any CPU.Build.0 = Release|Any CPU
		{F1503310-6555-48EA-AAFA-BF069E6E0EB0}.Release|x64.ActiveCfg = Release|Any CPU
		{F1503310-6555-48EA-AAFA-BF069E6E0EB0}.Release|x64.Build.0 = Release|Any CPU
		{F1503310-6555-48EA-AAFA-BF069E6E0EB0}.Release|x86.ActiveCfg = Release|Any CPU
		{F1503310-6555-48EA-AAFA-BF069E6E0EB0}.Release|x86.Build.0 = Release|Any CPU
		{8DC0C660-7F42-40C4-8DE0-BA2A078C1202}.Debug|Any CPU.ActiveCfg = Debug|Any CPU
		{8DC0C660-7F42-40C4-8DE0-BA2A078C1202}.Debug|Any CPU.Build.0 = Debug|Any CPU
		{8DC0C660-7F42-40C4-8DE0-BA2A078C1202}.Debug|x64.ActiveCfg = Debug|Any CPU
		{8DC0C660-7F42-40C4-8DE0-BA2A078C1202}.Debug|x64.Build.0 = Debug|Any CPU
		{8DC0C660-7F42-40C4-8DE0-BA2A078C1202}.Debug|x86.ActiveCfg = Debug|Any CPU
		{8DC0C660-7F42-40C4-8DE0-BA2A078C1202}.Debug|x86.Build.0 = Debug|Any CPU
		{8DC0C660-7F42-40C4-8DE0-BA2A078C1202}.Release|Any CPU.ActiveCfg = Release|Any CPU
		{8DC0C660-7F42-40C4-8DE0-BA2A078C1202}.Release|Any CPU.Build.0 = Release|Any CPU
		{8DC0C660-7F42-40C4-8DE0-BA2A078C1202}.Release|x64.ActiveCfg = Release|Any CPU
		{8DC0C660-7F42-40C4-8DE0-BA2A078C1202}.Release|x64.Build.0 = Release|Any CPU
		{8DC0C660-7F42-40C4-8DE0-BA2A078C1202}.Release|x86.ActiveCfg = Release|Any CPU
		{8DC0C660-7F42-40C4-8DE0-BA2A078C1202}.Release|x86.Build.0 = Release|Any CPU
		{A2976E8C-589A-47C7-B81D-D59CBCED2E0B}.Debug|Any CPU.ActiveCfg = Debug|Any CPU
		{A2976E8C-589A-47C7-B81D-D59CBCED2E0B}.Debug|Any CPU.Build.0 = Debug|Any CPU
		{A2976E8C-589A-47C7-B81D-D59CBCED2E0B}.Debug|x64.ActiveCfg = Debug|Any CPU
		{A2976E8C-589A-47C7-B81D-D59CBCED2E0B}.Debug|x64.Build.0 = Debug|Any CPU
		{A2976E8C-589A-47C7-B81D-D59CBCED2E0B}.Debug|x86.ActiveCfg = Debug|Any CPU
		{A2976E8C-589A-47C7-B81D-D59CBCED2E0B}.Debug|x86.Build.0 = Debug|Any CPU
		{A2976E8C-589A-47C7-B81D-D59CBCED2E0B}.Release|Any CPU.ActiveCfg = Release|Any CPU
		{A2976E8C-589A-47C7-B81D-D59CBCED2E0B}.Release|Any CPU.Build.0 = Release|Any CPU
		{A2976E8C-589A-47C7-B81D-D59CBCED2E0B}.Release|x64.ActiveCfg = Release|Any CPU
		{A2976E8C-589A-47C7-B81D-D59CBCED2E0B}.Release|x64.Build.0 = Release|Any CPU
		{A2976E8C-589A-47C7-B81D-D59CBCED2E0B}.Release|x86.ActiveCfg = Release|Any CPU
		{A2976E8C-589A-47C7-B81D-D59CBCED2E0B}.Release|x86.Build.0 = Release|Any CPU
		{2F184285-B860-4C68-AAF7-73AF6B2F98D8}.Debug|Any CPU.ActiveCfg = Debug|Any CPU
		{2F184285-B860-4C68-AAF7-73AF6B2F98D8}.Debug|Any CPU.Build.0 = Debug|Any CPU
		{2F184285-B860-4C68-AAF7-73AF6B2F98D8}.Debug|x64.ActiveCfg = Debug|Any CPU
		{2F184285-B860-4C68-AAF7-73AF6B2F98D8}.Debug|x64.Build.0 = Debug|Any CPU
		{2F184285-B860-4C68-AAF7-73AF6B2F98D8}.Debug|x86.ActiveCfg = Debug|Any CPU
		{2F184285-B860-4C68-AAF7-73AF6B2F98D8}.Debug|x86.Build.0 = Debug|Any CPU
		{2F184285-B860-4C68-AAF7-73AF6B2F98D8}.Release|Any CPU.ActiveCfg = Release|Any CPU
		{2F184285-B860-4C68-AAF7-73AF6B2F98D8}.Release|Any CPU.Build.0 = Release|Any CPU
		{2F184285-B860-4C68-AAF7-73AF6B2F98D8}.Release|x64.ActiveCfg = Release|Any CPU
		{2F184285-B860-4C68-AAF7-73AF6B2F98D8}.Release|x64.Build.0 = Release|Any CPU
		{2F184285-B860-4C68-AAF7-73AF6B2F98D8}.Release|x86.ActiveCfg = Release|Any CPU
		{2F184285-B860-4C68-AAF7-73AF6B2F98D8}.Release|x86.Build.0 = Release|Any CPU
	EndGlobalSection
	GlobalSection(SolutionProperties) = preSolution
		HideSolutionNode = FALSE
	EndGlobalSection
	GlobalSection(NestedProjects) = preSolution
		{F1503310-6555-48EA-AAFA-BF069E6E0EB0} = {0DF20AD9-0A3F-4B61-BC8A-2D6DED59A7D2}
		{0CEBA764-DF92-4A2A-8F0B-EF2C32BC6514} = {0DF20AD9-0A3F-4B61-BC8A-2D6DED59A7D2}
		{8DC0C660-7F42-40C4-8DE0-BA2A078C1202} = {0CEBA764-DF92-4A2A-8F0B-EF2C32BC6514}
		{A2976E8C-589A-47C7-B81D-D59CBCED2E0B} = {0CEBA764-DF92-4A2A-8F0B-EF2C32BC6514}
		{2F184285-B860-4C68-AAF7-73AF6B2F98D8} = {0CEBA764-DF92-4A2A-8F0B-EF2C32BC6514}
		{3CD6B945-4E76-4DC7-A68A-972C36ADA718} = {0DF20AD9-0A3F-4B61-BC8A-2D6DED59A7D2}
		{6E7EC81D-DA39-4C4F-A898-0148558C34F4} = {3CD6B945-4E76-4DC7-A68A-972C36ADA718}
		{D66336A6-07E5-401A-A710-DAEDD6975D59} = {3CD6B945-4E76-4DC7-A68A-972C36ADA718}
	EndGlobalSection
	GlobalSection(ExtensibilityGlobals) = postSolution
		SolutionGuid = {544BBD3D-C3AA-405A-9832-122679F8AD05}
	EndGlobalSection
	GlobalSection(SharedMSBuildProjectFiles) = preSolution
		src\Containers\Prism.Unity.Shared\Prism.Unity.Shared.projitems*{2f184285-b860-4c68-aaf7-73af6b2f98d8}*SharedItemsImports = 5
		src\Containers\Prism.DryIoc.Shared\Prism.DryIoc.Shared.projitems*{6e7ec81d-da39-4c4f-a898-0148558c34f4}*SharedItemsImports = 13
		src\Containers\Prism.DryIoc.Shared\Prism.DryIoc.Shared.projitems*{a2976e8c-589a-47c7-b81d-d59cbced2e0b}*SharedItemsImports = 5
		src\Containers\Prism.Unity.Shared\Prism.Unity.Shared.projitems*{d66336a6-07e5-401a-a710-daedd6975d59}*SharedItemsImports = 13
	EndGlobalSection
EndGlobal
